
Microsoft Visual Studio Solution File, Format Version 12.00
# Visual Studio Version 16
VisualStudioVersion = 16.0.29911.84
MinimumVisualStudioVersion = 10.0.40219.1
Project("{FAE04EC0-301F-11D3-BF4B-00C04F79EFBC}") = "FreezeExample", "FreezeExample.csproj", "{0CCA185D-0719-4E4A-9A83-48D6CF96D325}"
EndProject
Global
	GlobalSection(SolutionConfigurationPlatforms) = preSolution
		Debug|Any CPU = Debug|Any CPU
		Release|Any CPU = Release|Any CPU
	EndGlobalSection
	GlobalSection(ProjectConfigurationPlatforms) = postSolution
		{0CCA185D-0719-4E4A-9A83-48D6CF96D325}.Debug|Any CPU.ActiveCfg = Debug|Any CPU
		{0CCA185D-0719-4E4A-9A83-48D6CF96D325}.Debug|Any CPU.Build.0 = Debug|Any CPU
		{0CCA185D-0719-4E4A-9A83-48D6CF96D325}.Release|Any CPU.ActiveCfg = Release|Any CPU
		{0CCA185D-0719-4E4A-9A83-48D6CF96D325}.Release|Any CPU.Build.0 = Release|Any CPU
	EndGlobalSection
	GlobalSection(SolutionProperties) = preSolution
		HideSolutionNode = FALSE
	EndGlobalSection
	GlobalSection(ExtensibilityGlobals) = postSolution
		SolutionGuid = {9CB8EC98-D2C9-48D8-9205-0FD105A49785}
	EndGlobalSection
EndGlobal
